
Microsoft Visual Studio Solution File, Format Version 12.00
# Visual Studio Version 17
VisualStudioVersion = 17.8.34309.116
MinimumVisualStudioVersion = 10.0.40219.1
Project("{FAE04EC0-301F-11D3-BF4B-00C04F79EFBC}") = "GrpcGreeterClient", "GrpcGreeterClient\GrpcGreeterClient.csproj", "{F82E74F3-27A8-4DE4-86CF-DB6FBA91042D}"
EndProject
Global
	GlobalSection(SolutionConfigurationPlatforms) = preSolution
		Debug|Any CPU = Debug|Any CPU
		Release|Any CPU = Release|Any CPU
	EndGlobalSection
	GlobalSection(ProjectConfigurationPlatforms) = postSolution
		{F82E74F3-27A8-4DE4-86CF-DB6FBA91042D}.Debug|Any CPU.ActiveCfg = Debug|Any CPU
		{F82E74F3-27A8-4DE4-86CF-DB6FBA91042D}.Debug|Any CPU.Build.0 = Debug|Any CPU
		{F82E74F3-27A8-4DE4-86CF-DB6FBA91042D}.Release|Any CPU.ActiveCfg = Release|Any CPU
		{F82E74F3-27A8-4DE4-86CF-DB6FBA91042D}.Release|Any CPU.Build.0 = Release|Any CPU
	EndGlobalSection
	GlobalSection(SolutionProperties) = preSolution
		HideSolutionNode = FALSE
	EndGlobalSection
	GlobalSection(ExtensibilityGlobals) = postSolution
		SolutionGuid = {5997D5B0-12FE-480E-8B3F-52DC2389B200}
	EndGlobalSection
EndGlobal
